
Microsoft Visual Studio Solution File, Format Version 12.00
# Visual Studio Version 17
VisualStudioVersion = 17.6.33801.468
MinimumVisualStudioVersion = 10.0.40219.1
Project("{FAE04EC0-301F-11D3-BF4B-00C04F79EFBC}") = "solving", "solving\solving.csproj", "{A86CDB58-2DD1-412E-BD3B-B5FBFC3C5485}"
EndProject
Project("{FAE04EC0-301F-11D3-BF4B-00C04F79EFBC}") = "multidymentional array", "multidymentional array\multidymentional array.csproj", "{D0133119-9C67-4D2E-A073-3C9FB3B21D09}"
EndProject
Project("{FAE04EC0-301F-11D3-BF4B-00C04F79EFBC}") = "array problem", "array problem\array problem.csproj", "{A2B7583F-7005-4757-9CA3-5F64188175F6}"
EndProject
Global
	GlobalSection(SolutionConfigurationPlatforms) = preSolution
		Debug|Any CPU = Debug|Any CPU
		Release|Any CPU = Release|Any CPU
	EndGlobalSection
	GlobalSection(ProjectConfigurationPlatforms) = postSolution
		{A86CDB58-2DD1-412E-BD3B-B5FBFC3C5485}.Debug|Any CPU.ActiveCfg = Debug|Any CPU
		{A86CDB58-2DD1-412E-BD3B-B5FBFC3C5485}.Debug|Any CPU.Build.0 = Debug|Any CPU
		{A86CDB58-2DD1-412E-BD3B-B5FBFC3C5485}.Release|Any CPU.ActiveCfg = Release|Any CPU
		{A86CDB58-2DD1-412E-BD3B-B5FBFC3C5485}.Release|Any CPU.Build.0 = Release|Any CPU
		{D0133119-9C67-4D2E-A073-3C9FB3B21D09}.Debug|Any CPU.ActiveCfg = Debug|Any CPU
		{D0133119-9C67-4D2E-A073-3C9FB3B21D09}.Debug|Any CPU.Build.0 = Debug|Any CPU
		{D0133119-9C67-4D2E-A073-3C9FB3B21D09}.Release|Any CPU.ActiveCfg = Release|Any CPU
		{D0133119-9C67-4D2E-A073-3C9FB3B21D09}.Release|Any CPU.Build.0 = Release|Any CPU
		{A2B7583F-7005-4757-9CA3-5F64188175F6}.Debug|Any CPU.ActiveCfg = Debug|Any CPU
		{A2B7583F-7005-4757-9CA3-5F64188175F6}.Debug|Any CPU.Build.0 = Debug|Any CPU
		{A2B7583F-7005-4757-9CA3-5F64188175F6}.Release|Any CPU.ActiveCfg = Release|Any CPU
		{A2B7583F-7005-4757-9CA3-5F64188175F6}.Release|Any CPU.Build.0 = Release|Any CPU
	EndGlobalSection
	GlobalSection(SolutionProperties) = preSolution
		HideSolutionNode = FALSE
	EndGlobalSection
	GlobalSection(ExtensibilityGlobals) = postSolution
		SolutionGuid = {0F11089E-08B0-4085-A08F-55E2A87EB691}
	EndGlobalSection
EndGlobal
